
Microsoft Visual Studio Solution File, Format Version 12.00
# Visual Studio Version 17
VisualStudioVersion = 17.13.35931.197 d17.13
MinimumVisualStudioVersion = 10.0.40219.1
Project("{FAE04EC0-301F-11D3-BF4B-00C04F79EFBC}") = "Win32APIs", "Win32APIs.csproj", "{371BEADD-AAA3-4641-B094-69032FDE05E0}"
EndProject
Global
	GlobalSection(SolutionConfigurationPlatforms) = preSolution
		Debug|Any CPU = Debug|Any CPU
		Release|Any CPU = Release|Any CPU
	EndGlobalSection
	GlobalSection(ProjectConfigurationPlatforms) = postSolution
		{371BEADD-AAA3-4641-B094-69032FDE05E0}.Debug|Any CPU.ActiveCfg = Debug|Any CPU
		{371BEADD-AAA3-4641-B094-69032FDE05E0}.Debug|Any CPU.Build.0 = Debug|Any CPU
		{371BEADD-AAA3-4641-B094-69032FDE05E0}.Release|Any CPU.ActiveCfg = Release|Any CPU
		{371BEADD-AAA3-4641-B094-69032FDE05E0}.Release|Any CPU.Build.0 = Release|Any CPU
	EndGlobalSection
	GlobalSection(SolutionProperties) = preSolution
		HideSolutionNode = FALSE
	EndGlobalSection
	GlobalSection(ExtensibilityGlobals) = postSolution
		SolutionGuid = {22BB7123-5C26-4A88-B0DA-00ACA842F55D}
	EndGlobalSection
EndGlobal
