
Microsoft Visual Studio Solution File, Format Version 12.00
# Visual Studio Version 17
VisualStudioVersion = 17.13.35931.197 d17.13
MinimumVisualStudioVersion = 10.0.40219.1
Project("{FAE04EC0-301F-11D3-BF4B-00C04F79EFBC}") = "StudentAPI", "StudentAPI.csproj", "{C968BE43-5462-4007-A5D1-BC37D7E6C80E}"
EndProject
Global
	GlobalSection(SolutionConfigurationPlatforms) = preSolution
		Debug|Any CPU = Debug|Any CPU
		Release|Any CPU = Release|Any CPU
	EndGlobalSection
	GlobalSection(ProjectConfigurationPlatforms) = postSolution
		{C968BE43-5462-4007-A5D1-BC37D7E6C80E}.Debug|Any CPU.ActiveCfg = Debug|Any CPU
		{C968BE43-5462-4007-A5D1-BC37D7E6C80E}.Debug|Any CPU.Build.0 = Debug|Any CPU
		{C968BE43-5462-4007-A5D1-BC37D7E6C80E}.Release|Any CPU.ActiveCfg = Release|Any CPU
		{C968BE43-5462-4007-A5D1-BC37D7E6C80E}.Release|Any CPU.Build.0 = Release|Any CPU
	EndGlobalSection
	GlobalSection(SolutionProperties) = preSolution
		HideSolutionNode = FALSE
	EndGlobalSection
	GlobalSection(ExtensibilityGlobals) = postSolution
		SolutionGuid = {5240D46D-2B59-40B6-9286-2E3244E4A34D}
	EndGlobalSection
EndGlobal
